PODS:
  - Bolts (1.9.0):
    - Bolts/AppLinks (= 1.9.0)
    - Bolts/Tasks (= 1.9.0)
  - Bolts/AppLinks (1.9.0):
    - Bolts/Tasks
  - Bolts/Tasks (1.9.0)
  - Fabric (1.7.2)
  - FBSDKCoreKit (4.30.0):
    - Bolts (~> 1.7)
  - FBSDKLoginKit (4.30.0):
    - FBSDKCoreKit
  - Firebase/Auth (4.8.2):
    - Firebase/Core
    - FirebaseAuth (= 4.4.2)
  - Firebase/Core (4.8.2):
    - FirebaseAnalytics (= 4.0.9)
    - FirebaseCore (= 4.0.14)
  - firebase_auth (0.0.1):
    - Firebase/Auth
    - Firebase/Core
    - Flutter
  - FirebaseAnalytics (4.0.9):
    - FirebaseCore (~> 4.0)
    - FirebaseInstanceID (~> 2.0)
    - GoogleToolboxForMac/NSData+zlib (~> 2.1)
    - nanopb (~> 0.3)
  - FirebaseAuth (4.4.2):
    - FirebaseAnalytics (~> 4.0)
    - GoogleToolboxForMac/NSDictionary+URLArguments (~> 2.1)
    - GTMSessionFetcher/Core (~> 1.1)
  - FirebaseCore (4.0.14):
    - GoogleToolboxForMac/NSData+zlib (~> 2.1)
  - FirebaseInstanceID (2.0.8):
    - FirebaseCore (~> 4.0)
  - Flutter (1.0.0)
  - flutter_facebook_login (0.0.1):
    - FBSDKLoginKit (~> 4.29)
    - Flutter
  - flutter_twitter_login (0.0.1):
    - Flutter
    - TwitterKit
  - google_sign_in (0.0.1):
    - Flutter
    - GoogleSignIn (~> 4.0)
  - GoogleSignIn (4.1.2):
    - GoogleToolboxForMac/NSDictionary+URLArguments (~> 2.1)
    - GoogleToolboxForMac/NSString+URLArguments (~> 2.1)
    - GTMOAuth2 (~> 1.0)
    - GTMSessionFetcher/Core (~> 1.1)
  - GoogleToolboxForMac/DebugUtils (2.1.3):
    - GoogleToolboxForMac/Defines (= 2.1.3)
  - GoogleToolboxForMac/Defines (2.1.3)
  - GoogleToolboxForMac/NSData+zlib (2.1.3):
    - GoogleToolboxForMac/Defines (= 2.1.3)
  - GoogleToolboxForMac/NSDictionary+URLArguments (2.1.3):
    - GoogleToolboxForMac/DebugUtils (= 2.1.3)
    - GoogleToolboxForMac/Defines (= 2.1.3)
    - GoogleToolboxForMac/NSString+URLArguments (= 2.1.3)
  - GoogleToolboxForMac/NSString+URLArguments (2.1.3)
  - GTMOAuth2 (1.1.6):
    - GTMSessionFetcher (~> 1.1)
  - GTMSessionFetcher (1.1.13):
    - GTMSessionFetcher/Full (= 1.1.13)
  - GTMSessionFetcher/Core (1.1.13)
  - GTMSessionFetcher/Full (1.1.13):
    - GTMSessionFetcher/Core (= 1.1.13)
  - nanopb (0.3.8):
    - nanopb/decode (= 0.3.8)
    - nanopb/encode (= 0.3.8)
  - nanopb/decode (0.3.8)
  - nanopb/encode (0.3.8)
  - TwitterCore (2.8.0):
    - Fabric
  - TwitterKit (2.8.1):
    - TwitterCore (>= 2.8)

DEPENDENCIES:
  - firebase_auth (from `Pods/.symlinks/plugins/firebase_auth/ios`)
  - Flutter (from `Pods/.symlinks/flutter/ios`)
  - flutter_facebook_login (from `Pods/.symlinks/plugins/flutter_facebook_login/ios`)
  - flutter_twitter_login (from `Pods/.symlinks/plugins/flutter_twitter_login/ios`)
  - google_sign_in (from `Pods/.symlinks/plugins/google_sign_in/ios`)

EXTERNAL SOURCES:
  firebase_auth:
    :path: Pods/.symlinks/plugins/firebase_auth/ios
  Flutter:
    :path: Pods/.symlinks/flutter/ios
  flutter_facebook_login:
    :path: Pods/.symlinks/plugins/flutter_facebook_login/ios
  flutter_twitter_login:
    :path: Pods/.symlinks/plugins/flutter_twitter_login/ios
  google_sign_in:
    :path: Pods/.symlinks/plugins/google_sign_in/ios

SPEC CHECKSUMS:
  Bolts: ac6567323eac61e203f6a9763667d0f711be34c8
  Fabric: 9cd6a848efcf1b8b07497e0b6a2e7d336353ba15
  FBSDKCoreKit: 7c4bba2877781a131ab5d54c0a78c405d4307b62
  FBSDKLoginKit: fe7a7e82373dc5daad92e1623219e86224ab1fb1
  Firebase: 7d3b8cd837ad9fcd391657734c0d56dab8e9a5a3
  firebase_auth: 27a5a77a032d557c18f8e223aaf8ec1368f6cdbc
  FirebaseAnalytics: 388b630c15713f5dbf364071f5f3d6077fb52f4e
  FirebaseAuth: bd2738c5c1e92b108ba5f7f7335908097a4e50bb
  FirebaseCore: 2e0b98fb2d64ca8140136beff15772bdd14d2dd7
  FirebaseInstanceID: 81df5805a08001e69138664bdd02c6719a9ac80f
  Flutter: 9d0fac939486c9aba2809b7982dfdbb47a7b0296
  flutter_facebook_login: e3d2f0a348889fe0f49c302bc044b8cc66c691be
  flutter_twitter_login: 3cdd20f570fc128331e773432f8a3c98207ee7cb
  google_sign_in: cbeb57b96679823d14df6b2240b629b983a42d79
  GoogleSignIn: d9ef55b10f0aa401a5de2747f59b725e4b9732ac
  GoogleToolboxForMac: 2501e2ad72a52eb3dfe7bd9aee7dad11b858bd20
  GTMOAuth2: c77fe325e4acd453837e72d91e3b5f13116857b2
  GTMSessionFetcher: 5bb1eae636127de695590f50e7d248483eb891e6
  nanopb: 5601e6bca2dbf1ed831b519092ec110f66982ca3
  TwitterCore: e959987be23c767004d29eb7fab8d85d8585a2e5
  TwitterKit: 3b6044a7320340326a4098f3e37aa1dbaeb94942

PODFILE CHECKSUM: 13dcf421f4da2e937a57e8ba760ed880beae536f

COCOAPODS: 1.4.0
